
Microsoft Visual Studio Solution File, Format Version 12.00
# Visual Studio 2012
Project("{FAE04EC0-301F-11D3-BF4B-00C04F79EFBC}") = "CSharpDecompiler", "CSharpDecompiler\CSharpDecompiler.csproj", "{ADFF3007-DC5B-4929-9472-B2B571CEFA6B}"
EndProject
Project("{FAE04EC0-301F-11D3-BF4B-00C04F79EFBC}") = "Tests", "Tests\Tests.csproj", "{4336447F-7A2A-45E5-9F31-468EAD8BFD5B}"
EndProject
Global
	GlobalSection(SolutionConfigurationPlatforms) = preSolution
		Debug|x86 = Debug|x86
		Release|x86 = Release|x86
	EndGlobalSection
	GlobalSection(ProjectConfigurationPlatforms) = postSolution
		{4336447F-7A2A-45E5-9F31-468EAD8BFD5B}.Debug|x86.ActiveCfg = Debug|Any CPU
		{4336447F-7A2A-45E5-9F31-468EAD8BFD5B}.Debug|x86.Build.0 = Debug|Any CPU
		{4336447F-7A2A-45E5-9F31-468EAD8BFD5B}.Release|x86.ActiveCfg = Release|Any CPU
		{4336447F-7A2A-45E5-9F31-468EAD8BFD5B}.Release|x86.Build.0 = Release|Any CPU
		{ADFF3007-DC5B-4929-9472-B2B571CEFA6B}.Debug|x86.ActiveCfg = Debug|x86
		{ADFF3007-DC5B-4929-9472-B2B571CEFA6B}.Debug|x86.Build.0 = Debug|x86
		{ADFF3007-DC5B-4929-9472-B2B571CEFA6B}.Release|x86.ActiveCfg = Release|x86
		{ADFF3007-DC5B-4929-9472-B2B571CEFA6B}.Release|x86.Build.0 = Release|x86
	EndGlobalSection
EndGlobal
